version = 1
revision = 1
requires-python = ">=3.13"
resolution-markers = [
    "(platform_machine != 'aarch64' and sys_platform == 'linux') or (sys_platform != 'darwin' and sys_platform != 'linux')",
    "platform_machine == 'aarch64' and sys_platform == 'linux'",
    "sys_platform == 'darwin'",
]

[[package]]
name = "accelerate"
version = "1.4.0"
source = { registry = "https://pypi.org/simple" }
dependencies = [
    { name = "huggingface-hub" },
    { name = "numpy" },
    { name = "packaging" },
    { name = "psutil" },
    { name = "pyyaml" },
    { name = "safetensors" },
    { name = "torch" },
]
sdist = { url = "https://files.pythonhosted.org/packages/8f/02/24a4c4edb9cf0f1e0bc32bb6829e2138f1cc201442e7a24f0daf93b8a15a/accelerate-1.4.0.tar.gz", hash = "sha256:37d413e1b64cb8681ccd2908ae211cf73e13e6e636a2f598a96eccaa538773a5", size = 348745 }
wheels = [
    { url = "https://files.pythonhosted.org/packages/0a/f6/791b9d7eb371a2f385da3b7f1769ced72ead7bf09744637ea2985c83d7ee/accelerate-1.4.0-py3-none-any.whl", hash = "sha256:f6e1e7dfaf9d799a20a1dc45efbf4b1546163eac133faa5acd0d89177c896e55", size = 342129 },
]

[[package]]
name = "certifi"
version = "2022.12.7"
source = { registry = "https://download.pytorch.org/whl/nightly/cu128" }
wheels = [
    { url = "https://download.pytorch.org/whl/nightly/certifi-2022.12.7-py3-none-any.whl" },
]

[[package]]
name = "cffi"
version = "1.17.1"
source = { registry = "https://pypi.org/simple" }
dependencies = [
    { name = "pycparser" },
]
sdist = { url = "https://files.pythonhosted.org/packages/fc/97/c783634659c2920c3fc70419e3af40972dbaf758daa229a7d6ea6135c90d/cffi-1.17.1.tar.gz", hash = "sha256:1c39c6016c32bc48dd54561950ebd6836e1670f2ae46128f67cf49e789c52824", size = 516621 }
wheels = [
    { url = "https://files.pythonhosted.org/packages/8d/f8/dd6c246b148639254dad4d6803eb6a54e8c85c6e11ec9df2cffa87571dbe/cffi-1.17.1-cp313-cp313-macosx_10_13_x86_64.whl", hash = "sha256:f3a2b4222ce6b60e2e8b337bb9596923045681d71e5a082783484d845390938e", size = 182989 },
    { url = "https://files.pythonhosted.org/packages/8b/f1/672d303ddf17c24fc83afd712316fda78dc6fce1cd53011b839483e1ecc8/cffi-1.17.1-cp313-cp313-macosx_11_0_arm64.whl", hash = "sha256:0984a4925a435b1da406122d4d7968dd861c1385afe3b45ba82b750f229811e2", size = 178802 },
    { url = "https://files.pythonhosted.org/packages/0e/2d/eab2e858a91fdff70533cab61dcff4a1f55ec60425832ddfdc9cd36bc8af/cffi-1.17.1-cp313-cp313-manylinux_2_12_i686.manylinux2010_i686.manylinux_2_17_i686.manylinux2014_i686.whl", hash = "sha256:d01b12eeeb4427d3110de311e1774046ad344f5b1a7403101878976ecd7a10f3", size = 454792 },
    { url = "https://files.pythonhosted.org/packages/75/b2/fbaec7c4455c604e29388d55599b99ebcc250a60050610fadde58932b7ee/cffi-1.17.1-cp313-cp313-manylinux_2_17_aarch64.manylinux2014_aarch64.whl", hash = "sha256:706510fe141c86a69c8ddc029c7910003a17353970cff3b904ff0686a5927683", size = 478893 },
    { url = "https://files.pythonhosted.org/packages/4f/b7/6e4a2162178bf1935c336d4da8a9352cccab4d3a5d7914065490f08c0690/cffi-1.17.1-cp313-cp313-manylinux_2_17_ppc64le.manylinux2014_ppc64le.whl", hash = "sha256:de55b766c7aa2e2a3092c51e0483d700341182f08e67c63630d5b6f200bb28e5", size = 485810 },
    { url = "https://files.pythonhosted.org/packages/c7/8a/1d0e4a9c26e54746dc08c2c6c037889124d4f59dffd853a659fa545f1b40/cffi-1.17.1-cp313-cp313-manylinux_2_17_s390x.manylinux2014_s390x.whl", hash = "sha256:c59d6e989d07460165cc5ad3c61f9fd8f1b4796eacbd81cee78957842b834af4", size = 471200 },
    { url = "https://files.pythonhosted.org/packages/26/9f/1aab65a6c0db35f43c4d1b4f580e8df53914310afc10ae0397d29d697af4/cffi-1.17.1-cp313-cp313-manylinux_2_17_x86_64.manylinux2014_x86_64.whl", hash = "sha256:dd398dbc6773384a17fe0d3e7eeb8d1a21c2200473ee6806bb5e6a8e62bb73dd", size = 479447 },
    { url = "https://files.pythonhosted.org/packages/5f/e4/fb8b3dd8dc0e98edf1135ff067ae070bb32ef9d509d6cb0f538cd6f7483f/cffi-1.17.1-cp313-cp313-musllinux_1_1_aarch64.whl", hash = "sha256:3edc8d958eb099c634dace3c7e16560ae474aa3803a5df240542b305d14e14ed", size = 484358 },
    { url = "https://files.pythonhosted.org/packages/f1/47/d7145bf2dc04684935d57d67dff9d6d795b2ba2796806bb109864be3a151/cffi-1.17.1-cp313-cp313-musllinux_1_1_x86_64.whl", hash = "sha256:72e72408cad3d5419375fc87d289076ee319835bdfa2caad331e377589aebba9", size = 488469 },
    { url = "https://files.pythonhosted.org/packages/bf/ee/f94057fa6426481d663b88637a9a10e859e492c73d0384514a17d78ee205/cffi-1.17.1-cp313-cp313-win32.whl", hash = "sha256:e03eab0a8677fa80d646b5ddece1cbeaf556c313dcfac435ba11f107ba117b5d", size = 172475 },
    { url = "https://files.pythonhosted.org/packages/7c/fc/6a8cb64e5f0324877d503c854da15d76c1e50eb722e320b15345c4d0c6de/cffi-1.17.1-cp313-cp313-win_amd64.whl", hash = "sha256:f6a16c31041f09ead72d69f583767292f750d24913dadacf5756b966aacb3f1a", size = 182009 },
]

[[package]]
name = "charset-normalizer"
version = "2.1.1"
source = { registry = "https://download.pytorch.org/whl/nightly/cu128" }
wheels = [
    { url = "https://download.pytorch.org/whl/nightly/charset_normalizer-2.1.1-py3-none-any.whl" },
]

[[package]]
name = "colorama"
version = "0.4.6"
source = { registry = "https://download.pytorch.org/whl/nightly/cu128" }
wheels = [
    { url = "https://download.pytorch.org/whl/nightly/colorama-0.4.6-py2.py3-none-any.whl" },
]

[[package]]
name = "einops"
version = "0.8.1"
source = { registry = "https://pypi.org/simple" }
sdist = { url = "https://files.pythonhosted.org/packages/e5/81/df4fbe24dff8ba3934af99044188e20a98ed441ad17a274539b74e82e126/einops-0.8.1.tar.gz", hash = "sha256:de5d960a7a761225532e0f1959e5315ebeafc0cd43394732f103ca44b9837e84", size = 54805 }
wheels = [
    { url = "https://files.pythonhosted.org/packages/87/62/9773de14fe6c45c23649e98b83231fffd7b9892b6cf863251dc2afa73643/einops-0.8.1-py3-none-any.whl", hash = "sha256:919387eb55330f5757c6bea9165c5ff5cfe63a642682ea788a6d472576d81737", size = 64359 },
]

[[package]]
name = "filelock"
version = "3.13.1"
source = { registry = "https://download.pytorch.org/whl/nightly/cu128" }
wheels = [
    { url = "https://download.pytorch.org/whl/nightly/filelock-3.13.1-py3-none-any.whl" },
]

[[package]]
name = "fsspec"
version = "2024.6.1"
source = { registry = "https://download.pytorch.org/whl/nightly/cu128" }
wheels = [
    { url = "https://download.pytorch.org/whl/nightly/fsspec-2024.6.1-py3-none-any.whl" },
]

[[package]]
name = "huggingface-hub"
version = "0.25.1"
source = { registry = "https://download.pytorch.org/whl/nightly/cu128" }
dependencies = [
    { name = "filelock" },
    { name = "fsspec" },
    { name = "packaging" },
    { name = "pyyaml" },
    { name = "requests" },
    { name = "tqdm" },
    { name = "typing-extensions" },
]
wheels = [
    { url = "https://download.pytorch.org/whl/nightly/huggingface_hub-0.25.1-py3-none-any.whl" },
]

[[package]]
name = "idna"
version = "3.4"
source = { registry = "https://download.pytorch.org/whl/nightly/cu128" }
wheels = [
    { url = "https://download.pytorch.org/whl/nightly/idna-3.4-py3-none-any.whl" },
]

[[package]]
name = "jinja2"
version = "3.1.4"
source = { registry = "https://download.pytorch.org/whl/nightly/cu128" }
dependencies = [
    { name = "markupsafe" },
]
wheels = [
    { url = "https://download.pytorch.org/whl/nightly/Jinja2-3.1.4-py3-none-any.whl" },
    { url = "https://download.pytorch.org/whl/nightly/jinja2-3.1.4-py3-none-any.whl" },
]

[[package]]
name = "markupsafe"
version = "2.1.5"
source = { registry = "https://download.pytorch.org/whl/nightly/cu128" }
sdist = { url = "https://download.pytorch.org/whl/nightly/MarkupSafe-2.1.5.tar.gz" }

[[package]]
name = "mpmath"
version = "1.3.0"
source = { registry = "https://download.pytorch.org/whl/nightly/cu128" }
wheels = [
    { url = "https://download.pytorch.org/whl/nightly/mpmath-1.3.0-py3-none-any.whl" },
]

[[package]]
name = "networkx"
version = "3.3"
source = { registry = "https://download.pytorch.org/whl/nightly/cu128" }
wheels = [
    { url = "https://download.pytorch.org/whl/nightly/networkx-3.3-py3-none-any.whl" },
]

[[package]]
name = "nnrika"
version = "0.1.0"
source = { virtual = "." }
dependencies = [
    { name = "accelerate" },
    { name = "einops" },
    { name = "pillow" },
    { name = "pyvips" },
    { name = "torch" },
    { name = "torchvision" },
    { name = "transformers" },
]

[package.metadata]
requires-dist = [
    { name = "accelerate", specifier = ">=1.4.0" },
    { name = "einops", specifier = ">=0.8.1" },
    { name = "pillow", specifier = ">=11.0.0" },
    { name = "pyvips", specifier = ">=2.2.3" },
    { name = "torch", specifier = ">=2.6.0" },
    { name = "torchvision", specifier = ">=0.21.0" },
    { name = "transformers", specifier = ">=4.48.3" },
]

[[package]]
name = "numpy"
version = "2.1.2"
source = { registry = "https://download.pytorch.org/whl/nightly/cu128" }
wheels = [
    { url = "https://download.pytorch.org/whl/nightly/numpy-2.1.2-cp313-cp313-macosx_10_13_x86_64.whl" },
    { url = "https://download.pytorch.org/whl/nightly/numpy-2.1.2-cp313-cp313-macosx_11_0_arm64.whl" },
    { url = "https://download.pytorch.org/whl/nightly/numpy-2.1.2-cp313-cp313-macosx_14_0_arm64.whl" },
    { url = "https://download.pytorch.org/whl/nightly/numpy-2.1.2-cp313-cp313-macosx_14_0_x86_64.whl" },
    { url = "https://download.pytorch.org/whl/nightly/numpy-2.1.2-cp313-cp313-manylinux_2_17_aarch64.manylinux2014_aarch64.whl" },
    { url = "https://download.pytorch.org/whl/nightly/numpy-2.1.2-cp313-cp313-manylinux_2_17_x86_64.manylinux2014_x86_64.whl" },
    { url = "https://download.pytorch.org/whl/nightly/numpy-2.1.2-cp313-cp313-win_amd64.whl" },
    { url = "https://download.pytorch.org/whl/nightly/numpy-2.1.2-cp313-cp313t-macosx_10_13_x86_64.whl" },
    { url = "https://download.pytorch.org/whl/nightly/numpy-2.1.2-cp313-cp313t-macosx_11_0_arm64.whl" },
    { url = "https://download.pytorch.org/whl/nightly/numpy-2.1.2-cp313-cp313t-macosx_14_0_arm64.whl" },
    { url = "https://download.pytorch.org/whl/nightly/numpy-2.1.2-cp313-cp313t-macosx_14_0_x86_64.whl" },
    { url = "https://download.pytorch.org/whl/nightly/numpy-2.1.2-cp313-cp313t-manylinux_2_17_aarch64.manylinux2014_aarch64.whl" },
    { url = "https://download.pytorch.org/whl/nightly/numpy-2.1.2-cp313-cp313t-manylinux_2_17_x86_64.manylinux2014_x86_64.whl" },
]

[[package]]
name = "packaging"
version = "24.1"
source = { registry = "https://download.pytorch.org/whl/nightly/cu128" }
wheels = [
    { url = "https://download.pytorch.org/whl/nightly/packaging-24.1-py3-none-any.whl" },
]

[[package]]
name = "pillow"
version = "11.0.0"
source = { registry = "https://download.pytorch.org/whl/nightly/cu128" }
wheels = [
    { url = "https://download.pytorch.org/whl/nightly/pillow-11.0.0-cp313-cp313-macosx_10_13_x86_64.whl" },
    { url = "https://download.pytorch.org/whl/nightly/pillow-11.0.0-cp313-cp313-macosx_11_0_arm64.whl" },
    { url = "https://download.pytorch.org/whl/nightly/pillow-11.0.0-cp313-cp313-manylinux_2_17_aarch64.manylinux2014_aarch64.whl" },
    { url = "https://download.pytorch.org/whl/nightly/pillow-11.0.0-cp313-cp313-manylinux_2_17_x86_64.manylinux2014_x86_64.whl" },
    { url = "https://download.pytorch.org/whl/nightly/pillow-11.0.0-cp313-cp313-manylinux_2_28_aarch64.whl" },
    { url = "https://download.pytorch.org/whl/nightly/pillow-11.0.0-cp313-cp313-manylinux_2_28_x86_64.whl" },
    { url = "https://download.pytorch.org/whl/nightly/pillow-11.0.0-cp313-cp313-win_amd64.whl" },
    { url = "https://download.pytorch.org/whl/nightly/pillow-11.0.0-cp313-cp313-win_arm64.whl" },
    { url = "https://download.pytorch.org/whl/nightly/pillow-11.0.0-cp313-cp313t-macosx_10_13_x86_64.whl" },
    { url = "https://download.pytorch.org/whl/nightly/pillow-11.0.0-cp313-cp313t-macosx_11_0_arm64.whl" },
    { url = "https://download.pytorch.org/whl/nightly/pillow-11.0.0-cp313-cp313t-manylinux_2_17_x86_64.manylinux2014_x86_64.whl" },
    { url = "https://download.pytorch.org/whl/nightly/pillow-11.0.0-cp313-cp313t-manylinux_2_28_x86_64.whl" },
    { url = "https://download.pytorch.org/whl/nightly/pillow-11.0.0-cp313-cp313t-win_amd64.whl" },
    { url = "https://download.pytorch.org/whl/nightly/pillow-11.0.0-cp313-cp313t-win_arm64.whl" },
]

[[package]]
name = "psutil"
version = "6.0.0"
source = { registry = "https://download.pytorch.org/whl/nightly/cu128" }
wheels = [
    { url = "https://download.pytorch.org/whl/nightly/psutil-6.0.0-cp36-abi3-macosx_10_9_x86_64.whl" },
    { url = "https://download.pytorch.org/whl/nightly/psutil-6.0.0-cp36-abi3-manylinux_2_12_i686.manylinux2010_i686.manylinux_2_17_i686.manylinux2014_i686.whl" },
    { url = "https://download.pytorch.org/whl/nightly/psutil-6.0.0-cp36-abi3-manylinux_2_12_x86_64.manylinux2010_x86_64.manylinux_2_17_x86_64.manylinux2014_x86_64.whl" },
    { url = "https://download.pytorch.org/whl/nightly/psutil-6.0.0-cp36-abi3-manylinux_2_17_aarch64.manylinux2014_aarch64.whl" },
    { url = "https://download.pytorch.org/whl/nightly/psutil-6.0.0-cp37-abi3-win_amd64.whl" },
    { url = "https://download.pytorch.org/whl/nightly/psutil-6.0.0-cp38-abi3-macosx_11_0_arm64.whl" },
]

[[package]]
name = "pycparser"
version = "2.22"
source = { registry = "https://pypi.org/simple" }
sdist = { url = "https://files.pythonhosted.org/packages/1d/b2/31537cf4b1ca988837256c910a668b553fceb8f069bedc4b1c826024b52c/pycparser-2.22.tar.gz", hash = "sha256:491c8be9c040f5390f5bf44a5b07752bd07f56edf992381b05c701439eec10f6", size = 172736 }
wheels = [
    { url = "https://files.pythonhosted.org/packages/13/a3/a812df4e2dd5696d1f351d58b8fe16a405b234ad2886a0dab9183fb78109/pycparser-2.22-py3-none-any.whl", hash = "sha256:c3702b6d3dd8c7abc1afa565d7e63d53a1d0bd86cdc24edd75470f4de499cfcc", size = 117552 },
]

[[package]]
name = "pyvips"
version = "2.2.3"
source = { registry = "https://pypi.org/simple" }
dependencies = [
    { name = "cffi" },
]
sdist = { url = "https://files.pythonhosted.org/packages/7b/88/f73dae807ec68b228fba72507105e3ba80a561dc0bade0004ce24fd118fc/pyvips-2.2.3.tar.gz", hash = "sha256:43bceced0db492654c93008246a58a508e0373ae1621116b87b322f2ac72212f", size = 56626 }

[[package]]
name = "pyyaml"
version = "6.0.2"
source = { registry = "https://download.pytorch.org/whl/nightly/cu128" }
wheels = [
    { url = "https://download.pytorch.org/whl/nightly/PyYAML-6.0.2-cp313-cp313-macosx_10_13_x86_64.whl" },
    { url = "https://download.pytorch.org/whl/nightly/PyYAML-6.0.2-cp313-cp313-macosx_11_0_arm64.whl" },
    { url = "https://download.pytorch.org/whl/nightly/PyYAML-6.0.2-cp313-cp313-manylinux_2_17_aarch64.manylinux2014_aarch64.whl" },
    { url = "https://download.pytorch.org/whl/nightly/PyYAML-6.0.2-cp313-cp313-manylinux_2_17_s390x.manylinux2014_s390x.whl" },
    { url = "https://download.pytorch.org/whl/nightly/PyYAML-6.0.2-cp313-cp313-manylinux_2_17_x86_64.manylinux2014_x86_64.whl" },
    { url = "https://download.pytorch.org/whl/nightly/PyYAML-6.0.2-cp313-cp313-win_amd64.whl" },
]

[[package]]
name = "regex"
version = "2024.9.11"
source = { registry = "https://download.pytorch.org/whl/nightly/cu128" }
wheels = [
    { url = "https://download.pytorch.org/whl/nightly/regex-2024.9.11-cp313-cp313-macosx_10_13_universal2.whl" },
    { url = "https://download.pytorch.org/whl/nightly/regex-2024.9.11-cp313-cp313-macosx_10_13_x86_64.whl" },
    { url = "https://download.pytorch.org/whl/nightly/regex-2024.9.11-cp313-cp313-macosx_11_0_arm64.whl" },
    { url = "https://download.pytorch.org/whl/nightly/regex-2024.9.11-cp313-cp313-manylinux_2_17_aarch64.manylinux2014_aarch64.whl" },
    { url = "https://download.pytorch.org/whl/nightly/regex-2024.9.11-cp313-cp313-manylinux_2_17_ppc64le.manylinux2014_ppc64le.whl" },
    { url = "https://download.pytorch.org/whl/nightly/regex-2024.9.11-cp313-cp313-manylinux_2_17_s390x.manylinux2014_s390x.whl" },
    { url = "https://download.pytorch.org/whl/nightly/regex-2024.9.11-cp313-cp313-manylinux_2_17_x86_64.manylinux2014_x86_64.whl" },
    { url = "https://download.pytorch.org/whl/nightly/regex-2024.9.11-cp313-cp313-manylinux_2_5_i686.manylinux1_i686.manylinux_2_17_i686.manylinux2014_i686.whl" },
    { url = "https://download.pytorch.org/whl/nightly/regex-2024.9.11-cp313-cp313-win_amd64.whl" },
]

[[package]]
name = "requests"
version = "2.28.1"
source = { registry = "https://download.pytorch.org/whl/nightly/cu128" }
dependencies = [
    { name = "certifi" },
    { name = "charset-normalizer" },
    { name = "idna" },
    { name = "urllib3" },
]
wheels = [
    { url = "https://download.pytorch.org/whl/nightly/requests-2.28.1-py3-none-any.whl" },
]

[[package]]
name = "safetensors"
version = "0.4.5"
source = { registry = "https://download.pytorch.org/whl/nightly/cu128" }
wheels = [
    { url = "https://download.pytorch.org/whl/nightly/safetensors-0.4.5-cp313-cp313-macosx_10_12_x86_64.whl" },
    { url = "https://download.pytorch.org/whl/nightly/safetensors-0.4.5-cp313-cp313-macosx_11_0_arm64.whl" },
    { url = "https://download.pytorch.org/whl/nightly/safetensors-0.4.5-cp313-cp313-manylinux_2_17_aarch64.manylinux2014_aarch64.whl" },
    { url = "https://download.pytorch.org/whl/nightly/safetensors-0.4.5-cp313-cp313-manylinux_2_17_armv7l.manylinux2014_armv7l.whl" },
    { url = "https://download.pytorch.org/whl/nightly/safetensors-0.4.5-cp313-cp313-manylinux_2_17_ppc64le.manylinux2014_ppc64le.whl" },
    { url = "https://download.pytorch.org/whl/nightly/safetensors-0.4.5-cp313-cp313-manylinux_2_17_s390x.manylinux2014_s390x.whl" },
    { url = "https://download.pytorch.org/whl/nightly/safetensors-0.4.5-cp313-cp313-manylinux_2_17_x86_64.manylinux2014_x86_64.whl" },
    { url = "https://download.pytorch.org/whl/nightly/safetensors-0.4.5-cp313-cp313-manylinux_2_5_i686.manylinux1_i686.whl" },
]

[[package]]
name = "setuptools"
version = "70.2.0"
source = { registry = "https://download.pytorch.org/whl/nightly/cu128" }
wheels = [
    { url = "https://download.pytorch.org/whl/nightly/setuptools-70.2.0-py3-none-any.whl" },
]

[[package]]
name = "sympy"
version = "1.13.3"
source = { registry = "https://download.pytorch.org/whl/nightly/cu128" }
dependencies = [
    { name = "mpmath" },
]
wheels = [
    { url = "https://download.pytorch.org/whl/nightly/sympy-1.13.3-py3-none-any.whl" },
]

[[package]]
name = "tokenizers"
version = "0.21.0"
source = { registry = "https://pypi.org/simple" }
dependencies = [
    { name = "huggingface-hub" },
]
sdist = { url = "https://files.pythonhosted.org/packages/20/41/c2be10975ca37f6ec40d7abd7e98a5213bb04f284b869c1a24e6504fd94d/tokenizers-0.21.0.tar.gz", hash = "sha256:ee0894bf311b75b0c03079f33859ae4b2334d675d4e93f5a4132e1eae2834fe4", size = 343021 }
wheels = [
    { url = "https://files.pythonhosted.org/packages/b0/5c/8b09607b37e996dc47e70d6a7b6f4bdd4e4d5ab22fe49d7374565c7fefaf/tokenizers-0.21.0-cp39-abi3-macosx_10_12_x86_64.whl", hash = "sha256:3c4c93eae637e7d2aaae3d376f06085164e1660f89304c0ab2b1d08a406636b2", size = 2647461 },
    { url = "https://files.pythonhosted.org/packages/22/7a/88e58bb297c22633ed1c9d16029316e5b5ac5ee44012164c2edede599a5e/tokenizers-0.21.0-cp39-abi3-macosx_11_0_arm64.whl", hash = "sha256:f53ea537c925422a2e0e92a24cce96f6bc5046bbef24a1652a5edc8ba975f62e", size = 2563639 },
    { url = "https://files.pythonhosted.org/packages/f7/14/83429177c19364df27d22bc096d4c2e431e0ba43e56c525434f1f9b0fd00/tokenizers-0.21.0-cp39-abi3-manylinux_2_17_aarch64.manylinux2014_aarch64.whl", hash = "sha256:6b177fb54c4702ef611de0c069d9169f0004233890e0c4c5bd5508ae05abf193", size = 2903304 },
    { url = "https://files.pythonhosted.org/packages/7e/db/3433eab42347e0dc5452d8fcc8da03f638c9accffefe5a7c78146666964a/tokenizers-0.21.0-cp39-abi3-manylinux_2_17_armv7l.manylinux2014_armv7l.whl", hash = "sha256:6b43779a269f4629bebb114e19c3fca0223296ae9fea8bb9a7a6c6fb0657ff8e", size = 2804378 },
    { url = "https://files.pythonhosted.org/packages/57/8b/7da5e6f89736c2ade02816b4733983fca1c226b0c42980b1ae9dc8fcf5cc/tokenizers-0.21.0-cp39-abi3-manylinux_2_17_i686.manylinux2014_i686.whl", hash = "sha256:9aeb255802be90acfd363626753fda0064a8df06031012fe7d52fd9a905eb00e", size = 3095488 },
    { url = "https://files.pythonhosted.org/packages/4d/f6/5ed6711093dc2c04a4e03f6461798b12669bc5a17c8be7cce1240e0b5ce8/tokenizers-0.21.0-cp39-abi3-manylinux_2_17_ppc64le.manylinux2014_ppc64le.whl", hash = "sha256:d8b09dbeb7a8d73ee204a70f94fc06ea0f17dcf0844f16102b9f414f0b7463ba", size = 3121410 },
    { url = "https://files.pythonhosted.org/packages/81/42/07600892d48950c5e80505b81411044a2d969368cdc0d929b1c847bf6697/tokenizers-0.21.0-cp39-abi3-manylinux_2_17_s390x.manylinux2014_s390x.whl", hash = "sha256:400832c0904f77ce87c40f1a8a27493071282f785724ae62144324f171377273", size = 3388821 },
    { url = "https://files.pythonhosted.org/packages/22/06/69d7ce374747edaf1695a4f61b83570d91cc8bbfc51ccfecf76f56ab4aac/tokenizers-0.21.0-cp39-abi3-manylinux_2_17_x86_64.manylinux2014_x86_64.whl", hash = "sha256:e84ca973b3a96894d1707e189c14a774b701596d579ffc7e69debfc036a61a04", size = 3008868 },
    { url = "https://files.pythonhosted.org/packages/c8/69/54a0aee4d576045b49a0eb8bffdc495634309c823bf886042e6f46b80058/tokenizers-0.21.0-cp39-abi3-musllinux_1_2_aarch64.whl", hash = "sha256:eb7202d231b273c34ec67767378cd04c767e967fda12d4a9e36208a34e2f137e", size = 8975831 },
    { url = "https://files.pythonhosted.org/packages/f7/f3/b776061e4f3ebf2905ba1a25d90380aafd10c02d406437a8ba22d1724d76/tokenizers-0.21.0-cp39-abi3-musllinux_1_2_armv7l.whl", hash = "sha256:089d56db6782a73a27fd8abf3ba21779f5b85d4a9f35e3b493c7bbcbbf0d539b", size = 8920746 },
    { url = "https://files.pythonhosted.org/packages/d8/ee/ce83d5ec8b6844ad4c3ecfe3333d58ecc1adc61f0878b323a15355bcab24/tokenizers-0.21.0-cp39-abi3-musllinux_1_2_i686.whl", hash = "sha256:c87ca3dc48b9b1222d984b6b7490355a6fdb411a2d810f6f05977258400ddb74", size = 9161814 },
    { url = "https://files.pythonhosted.org/packages/18/07/3e88e65c0ed28fa93aa0c4d264988428eef3df2764c3126dc83e243cb36f/tokenizers-0.21.0-cp39-abi3-musllinux_1_2_x86_64.whl", hash = "sha256:4145505a973116f91bc3ac45988a92e618a6f83eb458f49ea0790df94ee243ff", size = 9357138 },
    { url = "https://files.pythonhosted.org/packages/15/b0/dc4572ca61555fc482ebc933f26cb407c6aceb3dc19c301c68184f8cad03/tokenizers-0.21.0-cp39-abi3-win32.whl", hash = "sha256:eb1702c2f27d25d9dd5b389cc1f2f51813e99f8ca30d9e25348db6585a97e24a", size = 2202266 },
    { url = "https://files.pythonhosted.org/packages/44/69/d21eb253fa91622da25585d362a874fa4710be600f0ea9446d8d0217cec1/tokenizers-0.21.0-cp39-abi3-win_amd64.whl", hash = "sha256:87841da5a25a3a5f70c102de371db120f41873b854ba65e52bccd57df5a3780c", size = 2389192 },
]

[[package]]
name = "torch"
version = "2.7.0.dev20250227+cu128"
source = { registry = "https://download.pytorch.org/whl/nightly/cu128" }
dependencies = [
    { name = "filelock" },
    { name = "fsspec" },
    { name = "jinja2" },
    { name = "networkx" },
    { name = "setuptools" },
    { name = "sympy" },
    { name = "typing-extensions" },
]
wheels = [
    { url = "https://download.pytorch.org/whl/nightly/cu128/torch-2.7.0.dev20250227%2Bcu128-cp313-cp313-linux_aarch64.whl" },
    { url = "https://download.pytorch.org/whl/nightly/cu128/torch-2.7.0.dev20250227%2Bcu128-cp313-cp313-manylinux_2_28_x86_64.whl" },
    { url = "https://download.pytorch.org/whl/nightly/cu128/torch-2.7.0.dev20250227%2Bcu128-cp313-cp313-win_amd64.whl" },
    { url = "https://download.pytorch.org/whl/nightly/cu128/torch-2.7.0.dev20250227%2Bcu128-cp313-cp313t-linux_aarch64.whl" },
    { url = "https://download.pytorch.org/whl/nightly/cu128/torch-2.7.0.dev20250227%2Bcu128-cp313-cp313t-manylinux_2_28_x86_64.whl" },
    { url = "https://download.pytorch.org/whl/nightly/cu128/torch-2.7.0.dev20250227%2Bcu128-cp313-cp313t-win_amd64.whl" },
]

[[package]]
name = "torchvision"
version = "0.22.0.dev20250227+cu128"
source = { registry = "https://download.pytorch.org/whl/nightly/cu128" }
dependencies = [
    { name = "numpy" },
    { name = "pillow" },
    { name = "torch" },
]
wheels = [
    { url = "https://download.pytorch.org/whl/nightly/cu128/torchvision-0.22.0.dev20250227%2Bcu128-cp313-cp313-linux_x86_64.whl" },
    { url = "https://download.pytorch.org/whl/nightly/cu128/torchvision-0.22.0.dev20250227%2Bcu128-cp313-cp313-win_amd64.whl" },
    { url = "https://download.pytorch.org/whl/nightly/cu128/torchvision-0.22.0.dev20250227%2Bcu128-cp313-cp313t-linux_x86_64.whl" },
    { url = "https://download.pytorch.org/whl/nightly/cu128/torchvision-0.22.0.dev20250227%2Bcu128-cp313-cp313t-win_amd64.whl" },
]

[[package]]
name = "tqdm"
version = "4.66.5"
source = { registry = "https://download.pytorch.org/whl/nightly/cu128" }
dependencies = [
    { name = "colorama", marker = "sys_platform == 'win32'" },
]
wheels = [
    { url = "https://download.pytorch.org/whl/nightly/tqdm-4.66.5-py3-none-any.whl" },
]

[[package]]
name = "transformers"
version = "4.48.3"
source = { registry = "https://pypi.org/simple" }
dependencies = [
    { name = "filelock" },
    { name = "huggingface-hub" },
    { name = "numpy" },
    { name = "packaging" },
    { name = "pyyaml" },
    { name = "regex" },
    { name = "requests" },
    { name = "safetensors" },
    { name = "tokenizers" },
    { name = "tqdm" },
]
sdist = { url = "https://files.pythonhosted.org/packages/e3/82/cebeb7af5e64440f1638f18c4ed0f89156d0eeaa6290d98da8ca93ac3872/transformers-4.48.3.tar.gz", hash = "sha256:a5e8f1e9a6430aa78215836be70cecd3f872d99eeda300f41ad6cc841724afdb", size = 8373458 }
wheels = [
    { url = "https://files.pythonhosted.org/packages/b6/1a/efeecb8d83705f2f4beac98d46f2148c95ecd7babfb31b5c0f1e7017e83d/transformers-4.48.3-py3-none-any.whl", hash = "sha256:78697f990f5ef350c23b46bf86d5081ce96b49479ab180b2de7687267de8fd36", size = 9669412 },
]

[[package]]
name = "typing-extensions"
version = "4.12.2"
source = { registry = "https://download.pytorch.org/whl/nightly/cu128" }
wheels = [
    { url = "https://download.pytorch.org/whl/nightly/typing_extensions-4.12.2-py3-none-any.whl" },
]

[[package]]
name = "urllib3"
version = "1.26.13"
source = { registry = "https://download.pytorch.org/whl/nightly/cu128" }
wheels = [
    { url = "https://download.pytorch.org/whl/nightly/urllib3-1.26.13-py2.py3-none-any.whl" },
]
